// !$*UTF8*$!
{
	archiveVersion = 1;
	classes = {
	};
	objectVersion = 50;
	objects = {

/* Begin PBXBuildFile section */
		CEE396BA20F9B5490057FA85 /* AppDelegate.swift in Sources */ = {isa = PBXBuildFile; fileRef = CEE396B920F9B5490057FA85 /* AppDelegate.swift */; };
		CEE396BC20F9B5490057FA85 /* ViewController.swift in Sources */ = {isa = PBXBuildFile; fileRef = CEE396BB20F9B5490057FA85 /* ViewController.swift */; };
		CEE396BF20F9B5490057FA85 /* Main.storyboard in Resources */ = {isa = PBXBuildFile; fileRef = CEE396BD20F9B5490057FA85 /* Main.storyboard */; };
		CEE396C120F9B54C0057FA85 /* Assets.xcassets in Resources */ = {isa = PBXBuildFile; fileRef = CEE396C020F9B54C0057FA85 /* Assets.xcassets */; };
		CEE396C420F9B54C0057FA85 /* LaunchScreen.storyboard in Resources */ = {isa = PBXBuildFile; fileRef = CEE396C220F9B54C0057FA85 /* LaunchScreen.storyboard */; };
		CEE396D220F9EECB0057FA85 /* FontInfoViewController.swift in Sources */ = {isa = PBXBuildFile; fileRef = CEE396D120F9EECB0057FA85 /* FontInfoViewController.swift */; };
		CEE396D420FA13F30057FA85 /* FontCollectionViewCell.swift in Sources */ = {isa = PBXBuildFile; fileRef = CEE396D320FA13F30057FA85 /* FontCollectionViewCell.swift */; };
/* End PBXBuildFile section */

/* Begin PBXFileReference section */
		CEE396B620F9B5490057FA85 /* fonts.app */ = {isa = PBXFileReference; explicitFileType = wrapper.application; includeInIndex = 0; path = fonts.app; sourceTree = BUILT_PRODUCTS_DIR; };
		CEE396B920F9B5490057FA85 /* AppDelegate.swift */ = {isa = PBXFileReference; lastKnownFileType = sourcecode.swift; path = AppDelegate.swift; sourceTree = "<group>"; };
		CEE396BB20F9B5490057FA85 /* ViewController.swift */ = {isa = PBXFileReference; lastKnownFileType = sourcecode.swift; path = ViewController.swift; sourceTree = "<group>"; };
		CEE396BE20F9B5490057FA85 /* Base */ = {isa = PBXFileReference; lastKnownFileType = file.storyboard; name = Base; path = Base.lproj/Main.storyboard; sourceTree = "<group>"; };
		CEE396C020F9B54C0057FA85 /* Assets.xcassets */ = {isa = PBXFileReference; lastKnownFileType = folder.assetcatalog; path = Assets.xcassets; sourceTree = "<group>"; };
		CEE396C320F9B54C0057FA85 /* Base */ = {isa = PBXFileReference; lastKnownFileType = file.storyboard; name = Base; path = Base.lproj/LaunchScreen.storyboard; sourceTree = "<group>"; };
		CEE396C520F9B54C0057FA85 /* Info.plist */ = {isa = PBXFileReference; lastKnownFileType = text.plist.xml; path = Info.plist; sourceTree = "<group>"; };
		CEE396D120F9EECB0057FA85 /* FontInfoViewController.swift */ = {isa = PBXFileReference; lastKnownFileType = sourcecode.swift; path = FontInfoViewController.swift; sourceTree = "<group>"; };
		CEE396D320FA13F30057FA85 /* FontCollectionViewCell.swift */ = {isa = PBXFileReference; lastKnownFileType = sourcecode.swift; path = FontCollectionViewCell.swift; sourceTree = "<group>"; };
/* End PBXFileReference section */

/* Begin PBXFrameworksBuildPhase section */
		CEE396B320F9B5490057FA85 /* Frameworks */ = {
			isa = PBXFrameworksBuildPhase;
			buildActionMask = 2147483647;
			files = (
			);
			runOnlyForDeploymentPostprocessing = 0;
		};
/* End PBXFrameworksBuildPhase section */

/* Begin PBXGroup section */
		CEE396AD20F9B5490057FA85 = {
			isa = PBXGroup;
			children = (
				CEE396B820F9B5490057FA85 /* fonts */,
				CEE396B720F9B5490057FA85 /* Products */,
			);
			sourceTree = "<group>";
		};
		CEE396B720F9B5490057FA85 /* Products */ = {
			isa = PBXGroup;
			children = (
				CEE396B620F9B5490057FA85 /* fonts.app */,
			);
			name = Products;
			sourceTree = "<group>";
		};
		CEE396B820F9B5490057FA85 /* fonts */ = {
			isa = PBXGroup;
			children = (
				CEE396D520FC5C9C0057FA85 /* Supporting Files */,
				CEE396BB20F9B5490057FA85 /* ViewController.swift */,
				CEE396D320FA13F30057FA85 /* FontCollectionViewCell.swift */,
				CEE396D120F9EECB0057FA85 /* FontInfoViewController.swift */,
				CEE396BD20F9B5490057FA85 /* Main.storyboard */,
				CEE396C520F9B54C0057FA85 /* Info.plist */,
			);
			path = fonts;
			sourceTree = "<group>";
		};
		CEE396D520FC5C9C0057FA85 /* Supporting Files */ = {
			isa = PBXGroup;
			children = (
				CEE396B920F9B5490057FA85 /* AppDelegate.swift */,
				CEE396C020F9B54C0057FA85 /* Assets.xcassets */,
				CEE396C220F9B54C0057FA85 /* LaunchScreen.storyboard */,
			);
			path = "Supporting Files";
			sourceTree = "<group>";
		};
/* End PBXGroup section */

/* Begin PBXNativeTarget section */
		CEE396B520F9B5490057FA85 /* fonts */ = {
			isa = PBXNativeTarget;
			buildConfigurationList = CEE396C820F9B54C0057FA85 /* Build configuration list for PBXNativeTarget "fonts" */;
			buildPhases = (
				CEE396B220F9B5490057FA85 /* Sources */,
				CEE396B320F9B5490057FA85 /* Frameworks */,
				CEE396B420F9B5490057FA85 /* Resources */,
			);
			buildRules = (
			);
			dependencies = (
			);
			name = fonts;
			productName = fonts;
			productReference = CEE396B620F9B5490057FA85 /* fonts.app */;
			productType = "com.apple.product-type.application";
		};
/* End PBXNativeTarget section */

/* Begin PBXProject section */
		CEE396AE20F9B5490057FA85 /* Project object */ = {
			isa = PBXProject;
			attributes = {
				LastSwiftUpdateCheck = 1000;
				LastUpgradeCheck = 1000;
				ORGANIZATIONNAME = user;
				TargetAttributes = {
					CEE396B520F9B5490057FA85 = {
						CreatedOnToolsVersion = 10.0;
					};
				};
			};
			buildConfigurationList = CEE396B120F9B5490057FA85 /* Build configuration list for PBXProject "fonts" */;
			compatibilityVersion = "Xcode 9.3";
			developmentRegion = en;
			hasScannedForEncodings = 0;
			knownRegions = (
				en,
				Base,
			);
			mainGroup = CEE396AD20F9B5490057FA85;
			productRefGroup = CEE396B720F9B5490057FA85 /* Products */;
			projectDirPath = "";
			projectRoot = "";
			targets = (
				CEE396B520F9B5490057FA85 /* fonts */,
			);
		};
/* End PBXProject section */

/* Begin PBXResourcesBuildPhase section */
		CEE396B420F9B5490057FA85 /* Resources */ = {
			isa = PBXResourcesBuildPhase;
			buildActionMask = 2147483647;
			files = (
				CEE396C420F9B54C0057FA85 /* LaunchScreen.storyboard in Resources */,
				CEE396C120F9B54C0057FA85 /* Assets.xcassets in Resources */,
				CEE396BF20F9B5490057FA85 /* Main.storyboard in Resources */,
			);
			runOnlyForDeploymentPostprocessing = 0;
		};
/* End PBXResourcesBuildPhase section */

/* Begin PBXSourcesBuildPhase section */
		CEE396B220F9B5490057FA85 /* Sources */ = {
			isa = PBXSourcesBuildPhase;
			buildActionMask = 2147483647;
			files = (
				CEE396BC20F9B5490057FA85 /* ViewController.swift in Sources */,
				CEE396D420FA13F30057FA85 /* FontCollectionViewCell.swift in Sources */,
				CEE396D220F9EECB0057FA85 /* FontInfoViewController.swift in Sources */,
				CEE396BA20F9B5490057FA85 /* AppDelegate.swift in Sources */,
			);
			runOnlyForDeploymentPostprocessing = 0;
		};
/* End PBXSourcesBuildPhase section */

/* Begin PBXVariantGroup section */
		CEE396BD20F9B5490057FA85 /* Main.storyboard */ = {
			isa = PBXVariantGroup;
			children = (
				CEE396BE20F9B5490057FA85 /* Base */,
			);
			name = Main.storyboard;
			sourceTree = "<group>";
		};
		CEE396C220F9B54C0057FA85 /* LaunchScreen.storyboard */ = {
			isa = PBXVariantGroup;
			children = (
				CEE396C320F9B54C0057FA85 /* Base */,
			);
			name = LaunchScreen.storyboard;
			sourceTree = "<group>";
		};
/* End PBXVariantGroup section */

/* Begin XCBuildConfiguration section */
		CEE396C620F9B54C0057FA85 /* Debug */ = {
			isa = XCBuildConfiguration;
			buildSettings = {
				ALWAYS_SEARCH_USER_PATHS = NO;
				CLANG_ANALYZER_NONNULL = YES;
				CLANG_ANALYZER_NUMBER_OBJECT_CONVERSION = YES_AGGRESSIVE;
				CLANG_CXX_LANGUAGE_STANDARD = "gnu++14";
				CLANG_CXX_LIBRARY = "libc++";
				CLANG_ENABLE_MODULES = YES;
				CLANG_ENABLE_OBJC_ARC = YES;
				CLANG_ENABLE_OBJC_WEAK = YES;
				CLANG_WARN_BLOCK_CAPTURE_AUTORELEASING = YES;
				CLANG_WARN_BOOL_CONVERSION = YES;
				CLANG_WARN_COMMA = YES;
				CLANG_WARN_CONSTANT_CONVERSION = YES;
				CLANG_WARN_DEPRECATED_OBJC_IMPLEMENTATIONS = YES;
				CLANG_WARN_DIRECT_OBJC_ISA_USAGE = YES_ERROR;
				CLANG_WARN_DOCUMENTATION_COMMENTS = YES;
				CLANG_WARN_EMPTY_BODY = YES;
				CLANG_WARN_ENUM_CONVERSION = YES;
				CLANG_WARN_INFINITE_RECURSION = YES;
				CLANG_WARN_INT_CONVERSION = YES;
				CLANG_WARN_NON_LITERAL_NULL_CONVERSION = YES;
				CLANG_WARN_OBJC_IMPLICIT_RETAIN_SELF = YES;
				CLANG_WARN_OBJC_LITERAL_CONVERSION = YES;
				CLANG_WARN_OBJC_ROOT_CLASS = YES_ERROR;
				CLANG_WARN_RANGE_LOOP_ANALYSIS = YES;
				CLANG_WARN_STRICT_PROTOTYPES = YES;
				CLANG_WARN_SUSPICIOUS_MOVE = YES;
				CLANG_WARN_UNGUARDED_AVAILABILITY = YES_AGGRESSIVE;
				CLANG_WARN_UNREACHABLE_CODE = YES;
				CLANG_WARN__DUPLICATE_METHOD_MATCH = YES;
				CODE_SIGN_IDENTITY = "iPhone Developer";
				COPY_PHASE_STRIP = NO;
				DEBUG_INFORMATION_FORMAT = dwarf;
				ENABLE_STRICT_OBJC_MSGSEND = YES;
				ENABLE_TESTABILITY = YES;
				GCC_C_LANGUAGE_STANDARD = gnu11;
				GCC_DYNAMIC_NO_PIC = NO;
				GCC_NO_COMMON_BLOCKS = YES;
				GCC_OPTIMIZATION_LEVEL = 0;
				GCC_PREPROCESSOR_DEFINITIONS = (
					"DEBUG=1",
					"$(inherited)",
				);
				GCC_WARN_64_TO_32_BIT_CONVERSION = YES;
				GCC_WARN_ABOUT_RETURN_TYPE = YES_ERROR;
				GCC_WARN_UNDECLARED_SELECTOR = YES;
				GCC_WARN_UNINITIALIZED_AUTOS = YES_AGGRESSIVE;
				GCC_WARN_UNUSED_FUNCTION = YES;
				GCC_WARN_UNUSED_VARIABLE = YES;
				IPHONEOS_DEPLOYMENT_TARGET = 11.4;
				MTL_ENABLE_DEBUG_INFO = INCLUDE_SOURCE;
				ONLY_ACTIVE_ARCH = YES;
				SDKROOT = iphoneos;
				SWIFT_ACTIVE_COMPILATION_CONDITIONS = DEBUG;
				SWIFT_OPTIMIZATION_LEVEL = "-Onone";
			};
			name = Debug;
		};
		CEE396C720F9B54C0057FA85 /* Release */ = {
			isa = XCBuildConfiguration;
			buildSettings = {
				ALWAYS_SEARCH_USER_PATHS = NO;
				CLANG_ANALYZER_NONNULL = YES;
				CLANG_ANALYZER_NUMBER_OBJECT_CONVERSION = YES_AGGRESSIVE;
				CLANG_CXX_LANGUAGE_STANDARD = "gnu++14";
				CLANG_CXX_LIBRARY = "libc++";
				CLANG_ENABLE_MODULES = YES;
				CLANG_ENABLE_OBJC_ARC = YES;
				CLANG_ENABLE_OBJC_WEAK = YES;
				CLANG_WARN_BLOCK_CAPTURE_AUTORELEASING = YES;
				CLANG_WARN_BOOL_CONVERSION = YES;
				CLANG_WARN_COMMA = YES;
				CLANG_WARN_CONSTANT_CONVERSION = YES;
				CLANG_WARN_DEPRECATED_OBJC_IMPLEMENTATIONS = YES;
				CLANG_WARN_DIRECT_OBJC_ISA_USAGE = YES_ERROR;
				CLANG_WARN_DOCUMENTATION_COMMENTS = YES;
				CLANG_WARN_EMPTY_BODY = YES;
				CLANG_WARN_ENUM_CONVERSION = YES;
				CLANG_WARN_INFINITE_RECURSION = YES;
				CLANG_WARN_INT_CONVERSION = YES;
				CLANG_WARN_NON_LITERAL_NULL_CONVERSION = YES;
				CLANG_WARN_OBJC_IMPLICIT_RETAIN_SELF = YES;
				CLANG_WARN_OBJC_LITERAL_CONVERSION = YES;
				CLANG_WARN_OBJC_ROOT_CLASS = YES_ERROR;
				CLANG_WARN_RANGE_LOOP_ANALYSIS = YES;
				CLANG_WARN_STRICT_PROTOTYPES = YES;
				CLANG_WARN_SUSPICIOUS_MOVE = YES;
				CLANG_WARN_UNGUARDED_AVAILABILITY = YES_AGGRESSIVE;
				CLANG_WARN_UNREACHABLE_CODE = YES;
				CLANG_WARN__DUPLICATE_METHOD_MATCH = YES;
				CODE_SIGN_IDENTITY = "iPhone Developer";
				COPY_PHASE_STRIP = NO;
				DEBUG_INFORMATION_FORMAT = "dwarf-with-dsym";
				ENABLE_NS_ASSERTIONS = NO;
				ENABLE_STRICT_OBJC_MSGSEND = YES;
				GCC_C_LANGUAGE_STANDARD = gnu11;
				GCC_NO_COMMON_BLOCKS = YES;
				GCC_WARN_64_TO_32_BIT_CONVERSION = YES;
				GCC_WARN_ABOUT_RETURN_TYPE = YES_ERROR;
				GCC_WARN_UNDECLARED_SELECTOR = YES;
				GCC_WARN_UNINITIALIZED_AUTOS = YES_AGGRESSIVE;
				GCC_WARN_UNUSED_FUNCTION = YES;
				GCC_WARN_UNUSED_VARIABLE = YES;
				IPHONEOS_DEPLOYMENT_TARGET = 11.4;
				MTL_ENABLE_DEBUG_INFO = NO;
				SDKROOT = iphoneos;
				SWIFT_COMPILATION_MODE = wholemodule;
				SWIFT_OPTIMIZATION_LEVEL = "-O";
				VALIDATE_PRODUCT = YES;
			};
			name = Release;
		};
		CEE396C920F9B54C0057FA85 /* Debug */ = {
			isa = XCBuildConfiguration;
			buildSettings = {
				ASSETCATALOG_COMPILER_APPICON_NAME = AppIcon;
				CODE_SIGN_STYLE = Automatic;
				INFOPLIST_FILE = fonts/Info.plist;
				LD_RUNPATH_SEARCH_PATHS = (
					"$(inherited)",
					"@executable_path/Frameworks",
				);
				PRODUCT_BUNDLE_IDENTIFIER = swift.fonts;
				PRODUCT_NAME = "$(TARGET_NAME)";
				SWIFT_VERSION = 4.2;
				TARGETED_DEVICE_FAMILY = "1,2";
			};
			name = Debug;
		};
		CEE396CA20F9B54C0057FA85 /* Release */ = {
			isa = XCBuildConfiguration;
			buildSettings = {
				ASSETCATALOG_COMPILER_APPICON_NAME = AppIcon;
				CODE_SIGN_STYLE = Automatic;
				INFOPLIST_FILE = fonts/Info.plist;
				LD_RUNPATH_SEARCH_PATHS = (
					"$(inherited)",
					"@executable_path/Frameworks",
				);
				PRODUCT_BUNDLE_IDENTIFIER = swift.fonts;
				PRODUCT_NAME = "$(TARGET_NAME)";
				SWIFT_VERSION = 4.2;
				TARGETED_DEVICE_FAMILY = "1,2";
			};
			name = Release;
		};
/* End XCBuildConfiguration section */

/* Begin XCConfigurationList section */
		CEE396B120F9B5490057FA85 /* Build configuration list for PBXProject "fonts" */ = {
			isa = XCConfigurationList;
			buildConfigurations = (
				CEE396C620F9B54C0057FA85 /* Debug */,
				CEE396C720F9B54C0057FA85 /* Release */,
			);
			defaultConfigurationIsVisible = 0;
			defaultConfigurationName = Release;
		};
		CEE396C820F9B54C0057FA85 /* Build configuration list for PBXNativeTarget "fonts" */ = {
			isa = XCConfigurationList;
			buildConfigurations = (
				CEE396C920F9B54C0057FA85 /* Debug */,
				CEE396CA20F9B54C0057FA85 /* Release */,
			);
			defaultConfigurationIsVisible = 0;
			defaultConfigurationName = Release;
		};
/* End XCConfigurationList section */
	};
	rootObject = CEE396AE20F9B5490057FA85 /* Project object */;
}
